
Microsoft Visual Studio Solution File, Format Version 12.00
# Visual Studio Version 17
VisualStudioVersion = 17.14.36414.22 d17.14
MinimumVisualStudioVersion = 10.0.40219.1
Project("{FAE04EC0-301F-11D3-BF4B-00C04F79EFBC}") = "Test", "Test.csproj", "{68586771-6DE0-4297-AAE9-FDDDE09BBC68}"
EndProject
Global
	GlobalSection(SolutionConfigurationPlatforms) = preSolution
		Debug|Any CPU = Debug|Any CPU
		Release|Any CPU = Release|Any CPU
	EndGlobalSection
	GlobalSection(ProjectConfigurationPlatforms) = postSolution
		{68586771-6DE0-4297-AAE9-FDDDE09BBC68}.Debug|Any CPU.ActiveCfg = Debug|Any CPU
		{68586771-6DE0-4297-AAE9-FDDDE09BBC68}.Debug|Any CPU.Build.0 = Debug|Any CPU
		{68586771-6DE0-4297-AAE9-FDDDE09BBC68}.Release|Any CPU.ActiveCfg = Release|Any CPU
		{68586771-6DE0-4297-AAE9-FDDDE09BBC68}.Release|Any CPU.Build.0 = Release|Any CPU
	EndGlobalSection
	GlobalSection(SolutionProperties) = preSolution
		HideSolutionNode = FALSE
	EndGlobalSection
	GlobalSection(ExtensibilityGlobals) = postSolution
		SolutionGuid = {C6F9EA15-76BA-4696-8BAA-1861817BDB19}
	EndGlobalSection
EndGlobal
